
Microsoft Visual Studio Solution File, Format Version 12.00
# Visual Studio Version 16
VisualStudioVersion = 25.0.1706.8
MinimumVisualStudioVersion = 10.0.40219.1
Project("{FAE04EC0-301F-11D3-BF4B-00C04F79EFBC}") = "HotelBookingAPI", "HotelBookingAPI\HotelBookingAPI.csproj", "{5F868AA1-9577-4198-B477-F958E6539030}"
EndProject
Global
	GlobalSection(SolutionConfigurationPlatforms) = preSolution
		Debug|Any CPU = Debug|Any CPU
		Release|Any CPU = Release|Any CPU
	EndGlobalSection
	GlobalSection(ProjectConfigurationPlatforms) = postSolution
		{5F868AA1-9577-4198-B477-F958E6539030}.Debug|Any CPU.ActiveCfg = Debug|Any CPU
		{5F868AA1-9577-4198-B477-F958E6539030}.Debug|Any CPU.Build.0 = Debug|Any CPU
		{5F868AA1-9577-4198-B477-F958E6539030}.Release|Any CPU.ActiveCfg = Release|Any CPU
		{5F868AA1-9577-4198-B477-F958E6539030}.Release|Any CPU.Build.0 = Release|Any CPU
	EndGlobalSection
	GlobalSection(SolutionProperties) = preSolution
		HideSolutionNode = FALSE
	EndGlobalSection
	GlobalSection(ExtensibilityGlobals) = postSolution
		SolutionGuid = {2A10A43C-23A3-4A9D-A54D-8FA2EF8A01BF}
	EndGlobalSection
EndGlobal
